
Microsoft Visual Studio Solution File, Format Version 12.00
# Visual Studio Version 16
VisualStudioVersion = 16.0.30204.135
MinimumVisualStudioVersion = 10.0.40219.1
Project("{2150E333-8FDC-42A3-9474-1A3956D46DE8}") = "config", "config", "{415C88EA-0FBF-42C9-BCAF-C5ED0B28489B}"
	ProjectSection(SolutionItems) = preProject
		Application.props = Application.props
		CMakeLists.txt = CMakeLists.txt
		Common.props = Common.props
		config.h = config.h
		config.h.in = config.h.in
		StaticLibrary.props = StaticLibrary.props
	EndProjectSection
EndProject
Project("{8BC9CEB8-8B4A-11D0-8D11-00A0C91BC942}") = "sys", "sys\sys.vcxproj", "{47E9C344-D20E-4EB8-8A4B-70636228D506}"
	ProjectSection(ProjectDependencies) = postProject
		{4CCE8724-668B-4DF2-9831-85D0AE13DA54} = {4CCE8724-668B-4DF2-9831-85D0AE13DA54}
		{E8F95139-3C55-4C42-BCF7-271AF83226EF} = {E8F95139-3C55-4C42-BCF7-271AF83226EF}
		{FA4BAE52-3C00-4AA1-B8C6-25F3C9F2CF08} = {FA4BAE52-3C00-4AA1-B8C6-25F3C9F2CF08}
		{96D3C455-342F-4458-993E-E3B0B58BBE22} = {96D3C455-342F-4458-993E-E3B0B58BBE22}
		{96F01D77-DA7E-4621-ACCE-FC0D450D1B55} = {96F01D77-DA7E-4621-ACCE-FC0D450D1B55}
		{A30EDA88-CCDC-4F57-AF59-0658E5FB6B04} = {A30EDA88-CCDC-4F57-AF59-0658E5FB6B04}
		{D4341EDC-CD00-44BF-8D58-6808BEE791E3} = {D4341EDC-CD00-44BF-8D58-6808BEE791E3}
		{AACCC9FF-1723-4F35-9D6D-28B361C81204} = {AACCC9FF-1723-4F35-9D6D-28B361C81204}
	EndProjectSection
EndProject
Project("{8BC9CEB8-8B4A-11D0-8D11-00A0C91BC942}") = "idlib", "idlib\idlib.vcxproj", "{D4341EDC-CD00-44BF-8D58-6808BEE791E3}"
EndProject
Project("{8BC9CEB8-8B4A-11D0-8D11-00A0C91BC942}") = "renderer", "renderer\renderer.vcxproj", "{AACCC9FF-1723-4F35-9D6D-28B361C81204}"
EndProject
Project("{8BC9CEB8-8B4A-11D0-8D11-00A0C91BC942}") = "framework", "framework\framework.vcxproj", "{4CCE8724-668B-4DF2-9831-85D0AE13DA54}"
EndProject
Project("{8BC9CEB8-8B4A-11D0-8D11-00A0C91BC942}") = "game", "game\game.vcxproj", "{96D3C455-342F-4458-993E-E3B0B58BBE22}"
EndProject
Project("{8BC9CEB8-8B4A-11D0-8D11-00A0C91BC942}") = "cm", "cm\cm.vcxproj", "{FA4BAE52-3C00-4AA1-B8C6-25F3C9F2CF08}"
EndProject
Project("{8BC9CEB8-8B4A-11D0-8D11-00A0C91BC942}") = "sound", "sound\sound.vcxproj", "{A30EDA88-CCDC-4F57-AF59-0658E5FB6B04}"
EndProject
Project("{8BC9CEB8-8B4A-11D0-8D11-00A0C91BC942}") = "ui", "ui\ui.vcxproj", "{96F01D77-DA7E-4621-ACCE-FC0D450D1B55}"
EndProject
Project("{8BC9CEB8-8B4A-11D0-8D11-00A0C91BC942}") = "tools", "tools\tools.vcxproj", "{E8F95139-3C55-4C42-BCF7-271AF83226EF}"
EndProject
Global
	GlobalSection(SolutionConfigurationPlatforms) = preSolution
		Debug|x64 = Debug|x64
		Debug|x86 = Debug|x86
		Release|x64 = Release|x64
		Release|x86 = Release|x86
	EndGlobalSection
	GlobalSection(ProjectConfigurationPlatforms) = postSolution
		{47E9C344-D20E-4EB8-8A4B-70636228D506}.Debug|x64.ActiveCfg = Debug|x64
		{47E9C344-D20E-4EB8-8A4B-70636228D506}.Debug|x64.Build.0 = Debug|x64
		{47E9C344-D20E-4EB8-8A4B-70636228D506}.Debug|x64.Deploy.0 = Debug|x64
		{47E9C344-D20E-4EB8-8A4B-70636228D506}.Debug|x86.ActiveCfg = Debug|x86
		{47E9C344-D20E-4EB8-8A4B-70636228D506}.Debug|x86.Build.0 = Debug|x86
		{47E9C344-D20E-4EB8-8A4B-70636228D506}.Debug|x86.Deploy.0 = Debug|x86
		{47E9C344-D20E-4EB8-8A4B-70636228D506}.Release|x64.ActiveCfg = Release|x64
		{47E9C344-D20E-4EB8-8A4B-70636228D506}.Release|x64.Build.0 = Release|x64
		{47E9C344-D20E-4EB8-8A4B-70636228D506}.Release|x64.Deploy.0 = Release|x64
		{47E9C344-D20E-4EB8-8A4B-70636228D506}.Release|x86.ActiveCfg = Release|x86
		{47E9C344-D20E-4EB8-8A4B-70636228D506}.Release|x86.Build.0 = Release|x86
		{47E9C344-D20E-4EB8-8A4B-70636228D506}.Release|x86.Deploy.0 = Release|x86
		{D4341EDC-CD00-44BF-8D58-6808BEE791E3}.Debug|x64.ActiveCfg = Debug|x64
		{D4341EDC-CD00-44BF-8D58-6808BEE791E3}.Debug|x64.Build.0 = Debug|x64
		{D4341EDC-CD00-44BF-8D58-6808BEE791E3}.Debug|x64.Deploy.0 = Debug|x64
		{D4341EDC-CD00-44BF-8D58-6808BEE791E3}.Debug|x86.ActiveCfg = Debug|x86
		{D4341EDC-CD00-44BF-8D58-6808BEE791E3}.Debug|x86.Build.0 = Debug|x86
		{D4341EDC-CD00-44BF-8D58-6808BEE791E3}.Debug|x86.Deploy.0 = Debug|x86
		{D4341EDC-CD00-44BF-8D58-6808BEE791E3}.Release|x64.ActiveCfg = Release|x64
		{D4341EDC-CD00-44BF-8D58-6808BEE791E3}.Release|x64.Build.0 = Release|x64
		{D4341EDC-CD00-44BF-8D58-6808BEE791E3}.Release|x64.Deploy.0 = Release|x64
		{D4341EDC-CD00-44BF-8D58-6808BEE791E3}.Release|x86.ActiveCfg = Release|x86
		{D4341EDC-CD00-44BF-8D58-6808BEE791E3}.Release|x86.Build.0 = Release|x86
		{D4341EDC-CD00-44BF-8D58-6808BEE791E3}.Release|x86.Deploy.0 = Release|x86
		{AACCC9FF-1723-4F35-9D6D-28B361C81204}.Debug|x64.ActiveCfg = Debug|x64
		{AACCC9FF-1723-4F35-9D6D-28B361C81204}.Debug|x64.Build.0 = Debug|x64
		{AACCC9FF-1723-4F35-9D6D-28B361C81204}.Debug|x64.Deploy.0 = Debug|x64
		{AACCC9FF-1723-4F35-9D6D-28B361C81204}.Debug|x86.ActiveCfg = Debug|x86
		{AACCC9FF-1723-4F35-9D6D-28B361C81204}.Debug|x86.Build.0 = Debug|x86
		{AACCC9FF-1723-4F35-9D6D-28B361C81204}.Debug|x86.Deploy.0 = Debug|x86
		{AACCC9FF-1723-4F35-9D6D-28B361C81204}.Release|x64.ActiveCfg = Release|x64
		{AACCC9FF-1723-4F35-9D6D-28B361C81204}.Release|x64.Build.0 = Release|x64
		{AACCC9FF-1723-4F35-9D6D-28B361C81204}.Release|x64.Deploy.0 = Release|x64
		{AACCC9FF-1723-4F35-9D6D-28B361C81204}.Release|x86.ActiveCfg = Release|x86
		{AACCC9FF-1723-4F35-9D6D-28B361C81204}.Release|x86.Build.0 = Release|x86
		{AACCC9FF-1723-4F35-9D6D-28B361C81204}.Release|x86.Deploy.0 = Release|x86
		{4CCE8724-668B-4DF2-9831-85D0AE13DA54}.Debug|x64.ActiveCfg = Debug|x64
		{4CCE8724-668B-4DF2-9831-85D0AE13DA54}.Debug|x64.Build.0 = Debug|x64
		{4CCE8724-668B-4DF2-9831-85D0AE13DA54}.Debug|x64.Deploy.0 = Debug|x64
		{4CCE8724-668B-4DF2-9831-85D0AE13DA54}.Debug|x86.ActiveCfg = Debug|x86
		{4CCE8724-668B-4DF2-9831-85D0AE13DA54}.Debug|x86.Build.0 = Debug|x86
		{4CCE8724-668B-4DF2-9831-85D0AE13DA54}.Debug|x86.Deploy.0 = Debug|x86
		{4CCE8724-668B-4DF2-9831-85D0AE13DA54}.Release|x64.ActiveCfg = Release|x64
		{4CCE8724-668B-4DF2-9831-85D0AE13DA54}.Release|x64.Build.0 = Release|x64
		{4CCE8724-668B-4DF2-9831-85D0AE13DA54}.Release|x64.Deploy.0 = Release|x64
		{4CCE8724-668B-4DF2-9831-85D0AE13DA54}.Release|x86.ActiveCfg = Release|x86
		{4CCE8724-668B-4DF2-9831-85D0AE13DA54}.Release|x86.Build.0 = Release|x86
		{4CCE8724-668B-4DF2-9831-85D0AE13DA54}.Release|x86.Deploy.0 = Release|x86
		{96D3C455-342F-4458-993E-E3B0B58BBE22}.Debug|x64.ActiveCfg = Debug|x64
		{96D3C455-342F-4458-993E-E3B0B58BBE22}.Debug|x64.Build.0 = Debug|x64
		{96D3C455-342F-4458-993E-E3B0B58BBE22}.Debug|x64.Deploy.0 = Debug|x64
		{96D3C455-342F-4458-993E-E3B0B58BBE22}.Debug|x86.ActiveCfg = Debug|x86
		{96D3C455-342F-4458-993E-E3B0B58BBE22}.Debug|x86.Build.0 = Debug|x86
		{96D3C455-342F-4458-993E-E3B0B58BBE22}.Debug|x86.Deploy.0 = Debug|x86
		{96D3C455-342F-4458-993E-E3B0B58BBE22}.Release|x64.ActiveCfg = Release|x64
		{96D3C455-342F-4458-993E-E3B0B58BBE22}.Release|x64.Build.0 = Release|x64
		{96D3C455-342F-4458-993E-E3B0B58BBE22}.Release|x64.Deploy.0 = Release|x64
		{96D3C455-342F-4458-993E-E3B0B58BBE22}.Release|x86.ActiveCfg = Release|x86
		{96D3C455-342F-4458-993E-E3B0B58BBE22}.Release|x86.Build.0 = Release|x86
		{96D3C455-342F-4458-993E-E3B0B58BBE22}.Release|x86.Deploy.0 = Release|x86
		{FA4BAE52-3C00-4AA1-B8C6-25F3C9F2CF08}.Debug|x64.ActiveCfg = Debug|x64
		{FA4BAE52-3C00-4AA1-B8C6-25F3C9F2CF08}.Debug|x64.Build.0 = Debug|x64
		{FA4BAE52-3C00-4AA1-B8C6-25F3C9F2CF08}.Debug|x64.Deploy.0 = Debug|x64
		{FA4BAE52-3C00-4AA1-B8C6-25F3C9F2CF08}.Debug|x86.ActiveCfg = Debug|x86
		{FA4BAE52-3C00-4AA1-B8C6-25F3C9F2CF08}.Debug|x86.Build.0 = Debug|x86
		{FA4BAE52-3C00-4AA1-B8C6-25F3C9F2CF08}.Debug|x86.Deploy.0 = Debug|x86
		{FA4BAE52-3C00-4AA1-B8C6-25F3C9F2CF08}.Release|x64.ActiveCfg = Release|x64
		{FA4BAE52-3C00-4AA1-B8C6-25F3C9F2CF08}.Release|x64.Build.0 = Release|x64
		{FA4BAE52-3C00-4AA1-B8C6-25F3C9F2CF08}.Release|x64.Deploy.0 = Release|x64
		{FA4BAE52-3C00-4AA1-B8C6-25F3C9F2CF08}.Release|x86.ActiveCfg = Release|x86
		{FA4BAE52-3C00-4AA1-B8C6-25F3C9F2CF08}.Release|x86.Build.0 = Release|x86
		{FA4BAE52-3C00-4AA1-B8C6-25F3C9F2CF08}.Release|x86.Deploy.0 = Release|x86
		{A30EDA88-CCDC-4F57-AF59-0658E5FB6B04}.Debug|x64.ActiveCfg = Debug|x64
		{A30EDA88-CCDC-4F57-AF59-0658E5FB6B04}.Debug|x64.Build.0 = Debug|x64
		{A30EDA88-CCDC-4F57-AF59-0658E5FB6B04}.Debug|x64.Deploy.0 = Debug|x64
		{A30EDA88-CCDC-4F57-AF59-0658E5FB6B04}.Debug|x86.ActiveCfg = Debug|x86
		{A30EDA88-CCDC-4F57-AF59-0658E5FB6B04}.Debug|x86.Build.0 = Debug|x86
		{A30EDA88-CCDC-4F57-AF59-0658E5FB6B04}.Debug|x86.Deploy.0 = Debug|x86
		{A30EDA88-CCDC-4F57-AF59-0658E5FB6B04}.Release|x64.ActiveCfg = Release|x64
		{A30EDA88-CCDC-4F57-AF59-0658E5FB6B04}.Release|x64.Build.0 = Release|x64
		{A30EDA88-CCDC-4F57-AF59-0658E5FB6B04}.Release|x64.Deploy.0 = Release|x64
		{A30EDA88-CCDC-4F57-AF59-0658E5FB6B04}.Release|x86.ActiveCfg = Release|x86
		{A30EDA88-CCDC-4F57-AF59-0658E5FB6B04}.Release|x86.Build.0 = Release|x86
		{A30EDA88-CCDC-4F57-AF59-0658E5FB6B04}.Release|x86.Deploy.0 = Release|x86
		{96F01D77-DA7E-4621-ACCE-FC0D450D1B55}.Debug|x64.ActiveCfg = Debug|x64
		{96F01D77-DA7E-4621-ACCE-FC0D450D1B55}.Debug|x64.Build.0 = Debug|x64
		{96F01D77-DA7E-4621-ACCE-FC0D450D1B55}.Debug|x64.Deploy.0 = Debug|x64
		{96F01D77-DA7E-4621-ACCE-FC0D450D1B55}.Debug|x86.ActiveCfg = Debug|x86
		{96F01D77-DA7E-4621-ACCE-FC0D450D1B55}.Debug|x86.Build.0 = Debug|x86
		{96F01D77-DA7E-4621-ACCE-FC0D450D1B55}.Debug|x86.Deploy.0 = Debug|x86
		{96F01D77-DA7E-4621-ACCE-FC0D450D1B55}.Release|x64.ActiveCfg = Release|x64
		{96F01D77-DA7E-4621-ACCE-FC0D450D1B55}.Release|x64.Build.0 = Release|x64
		{96F01D77-DA7E-4621-ACCE-FC0D450D1B55}.Release|x64.Deploy.0 = Release|x64
		{96F01D77-DA7E-4621-ACCE-FC0D450D1B55}.Release|x86.ActiveCfg = Release|x86
		{96F01D77-DA7E-4621-ACCE-FC0D450D1B55}.Release|x86.Build.0 = Release|x86
		{96F01D77-DA7E-4621-ACCE-FC0D450D1B55}.Release|x86.Deploy.0 = Release|x86
		{E8F95139-3C55-4C42-BCF7-271AF83226EF}.Debug|x64.ActiveCfg = Debug|x64
		{E8F95139-3C55-4C42-BCF7-271AF83226EF}.Debug|x64.Build.0 = Debug|x64
		{E8F95139-3C55-4C42-BCF7-271AF83226EF}.Debug|x64.Deploy.0 = Debug|x64
		{E8F95139-3C55-4C42-BCF7-271AF83226EF}.Debug|x86.ActiveCfg = Debug|x86
		{E8F95139-3C55-4C42-BCF7-271AF83226EF}.Debug|x86.Build.0 = Debug|x86
		{E8F95139-3C55-4C42-BCF7-271AF83226EF}.Debug|x86.Deploy.0 = Debug|x86
		{E8F95139-3C55-4C42-BCF7-271AF83226EF}.Release|x64.ActiveCfg = Release|x64
		{E8F95139-3C55-4C42-BCF7-271AF83226EF}.Release|x64.Build.0 = Release|x64
		{E8F95139-3C55-4C42-BCF7-271AF83226EF}.Release|x64.Deploy.0 = Release|x64
		{E8F95139-3C55-4C42-BCF7-271AF83226EF}.Release|x86.ActiveCfg = Release|x86
		{E8F95139-3C55-4C42-BCF7-271AF83226EF}.Release|x86.Build.0 = Release|x86
		{E8F95139-3C55-4C42-BCF7-271AF83226EF}.Release|x86.Deploy.0 = Release|x86
	EndGlobalSection
	GlobalSection(SolutionProperties) = preSolution
		HideSolutionNode = FALSE
	EndGlobalSection
	GlobalSection(ExtensibilityGlobals) = postSolution
		SolutionGuid = {4C7DA1A0-E090-494E-8612-711FAA82CB1F}
	EndGlobalSection
EndGlobal
